// !$*UTF8*$!
{
	archiveVersion = 1;
	classes = {
	};
	objectVersion = 56;
	objects = {

/* Begin PBXBuildFile section */
		021BEDEBBF9908443C87DC33 /* Pods_Pokemon.framework in Frameworks */ = {isa = PBXBuildFile; fileRef = 171711D10EC9E7C87ECA9CB7 /* Pods_Pokemon.framework */; };
		110DF1342B2DF85D004AF273 /* PokemonApp.swift in Sources */ = {isa = PBXBuildFile; fileRef = 110DF1332B2DF85D004AF273 /* PokemonApp.swift */; };
		110DF13A2B2DF861004AF273 /* Colors.xcassets in Resources */ = {isa = PBXBuildFile; fileRef = 110DF1392B2DF861004AF273 /* Colors.xcassets */; };
		110DF13D2B2DF861004AF273 /* Preview Assets.xcassets in Resources */ = {isa = PBXBuildFile; fileRef = 110DF13C2B2DF861004AF273 /* Preview Assets.xcassets */; };
		110DF1602B2E067A004AF273 /* Images.xcassets in Resources */ = {isa = PBXBuildFile; fileRef = 110DF15F2B2E067A004AF273 /* Images.xcassets */; };
		110DF1642B2E1B48004AF273 /* PokemonType.swift in Sources */ = {isa = PBXBuildFile; fileRef = 110DF1632B2E1B48004AF273 /* PokemonType.swift */; };
		110DF1662B2E1D8C004AF273 /* Pokemon.swift in Sources */ = {isa = PBXBuildFile; fileRef = 110DF1652B2E1D8C004AF273 /* Pokemon.swift */; };
		110DF16D2B2E2034004AF273 /* PokemonCellView.swift in Sources */ = {isa = PBXBuildFile; fileRef = 110DF16C2B2E2034004AF273 /* PokemonCellView.swift */; };
		110DF16F2B2E5E99004AF273 /* PokemonMainView.swift in Sources */ = {isa = PBXBuildFile; fileRef = 110DF16E2B2E5E99004AF273 /* PokemonMainView.swift */; };
		110DF1722B2F4C5E004AF273 /* APIClient.swift in Sources */ = {isa = PBXBuildFile; fileRef = 110DF1712B2F4C5E004AF273 /* APIClient.swift */; };
		110DF1742B2F4ED5004AF273 /* APIError.swift in Sources */ = {isa = PBXBuildFile; fileRef = 110DF1732B2F4ED5004AF273 /* APIError.swift */; };
		110DF1772B2F50CF004AF273 /* PokemonUseCase.swift in Sources */ = {isa = PBXBuildFile; fileRef = 110DF1762B2F50CF004AF273 /* PokemonUseCase.swift */; };
		110DF17D2B2F5387004AF273 /* PokemonDTO.swift in Sources */ = {isa = PBXBuildFile; fileRef = 110DF17C2B2F5387004AF273 /* PokemonDTO.swift */; };
		110DF1802B2F5DC1004AF273 /* PokemonViewModel.swift in Sources */ = {isa = PBXBuildFile; fileRef = 110DF17F2B2F5DC1004AF273 /* PokemonViewModel.swift */; };
		110DF1822B2F6695004AF273 /* PokemonUseCaseError.swift in Sources */ = {isa = PBXBuildFile; fileRef = 110DF1812B2F6695004AF273 /* PokemonUseCaseError.swift */; };
		110DF1842B2F6AD6004AF273 /* PokemonDataDTO.swift in Sources */ = {isa = PBXBuildFile; fileRef = 110DF1832B2F6AD6004AF273 /* PokemonDataDTO.swift */; };
		11FA32CC2B30028A00ABB428 /* UIState.swift in Sources */ = {isa = PBXBuildFile; fileRef = 11FA32CB2B30028A00ABB428 /* UIState.swift */; };
		11FA32CE2B300F7300ABB428 /* PokemonUseCaseTests.swift in Sources */ = {isa = PBXBuildFile; fileRef = 11FA32CD2B300F7300ABB428 /* PokemonUseCaseTests.swift */; };
		11FA32D32B30101900ABB428 /* MockAPIClient.swift in Sources */ = {isa = PBXBuildFile; fileRef = 11FA32D22B30101900ABB428 /* MockAPIClient.swift */; };
		11FA32D62B30150C00ABB428 /* MockPokemon.swift in Sources */ = {isa = PBXBuildFile; fileRef = 11FA32D52B30150C00ABB428 /* MockPokemon.swift */; };
		11FC89DC2B3098330033A0B1 /* PokemonDetailView.swift in Sources */ = {isa = PBXBuildFile; fileRef = 11FC89DB2B3098330033A0B1 /* PokemonDetailView.swift */; };
		B883D6EE83C7BFD0209A7638 /* Pods_PokemonTests.framework in Frameworks */ = {isa = PBXBuildFile; fileRef = B236FAD50D159C5E6E5EC870 /* Pods_PokemonTests.framework */; };
/* End PBXBuildFile section */

/* Begin PBXContainerItemProxy section */
		110DF1432B2DF862004AF273 /* PBXContainerItemProxy */ = {
			isa = PBXContainerItemProxy;
			containerPortal = 110DF1282B2DF85C004AF273 /* Project object */;
			proxyType = 1;
			remoteGlobalIDString = 110DF12F2B2DF85D004AF273;
			remoteInfo = Pokemon;
		};
/* End PBXContainerItemProxy section */

/* Begin PBXFileReference section */
		05EACF5473F65AACEA52C6AB /* Pods-PokemonTests.release.xcconfig */ = {isa = PBXFileReference; includeInIndex = 1; lastKnownFileType = text.xcconfig; name = "Pods-PokemonTests.release.xcconfig"; path = "Target Support Files/Pods-PokemonTests/Pods-PokemonTests.release.xcconfig"; sourceTree = "<group>"; };
		110DF1302B2DF85D004AF273 /* Pokemon.app */ = {isa = PBXFileReference; explicitFileType = wrapper.application; includeInIndex = 0; path = Pokemon.app; sourceTree = BUILT_PRODUCTS_DIR; };
		110DF1332B2DF85D004AF273 /* PokemonApp.swift */ = {isa = PBXFileReference; lastKnownFileType = sourcecode.swift; path = PokemonApp.swift; sourceTree = "<group>"; };
		110DF1392B2DF861004AF273 /* Colors.xcassets */ = {isa = PBXFileReference; lastKnownFileType = folder.assetcatalog; path = Colors.xcassets; sourceTree = "<group>"; };
		110DF13C2B2DF861004AF273 /* Preview Assets.xcassets */ = {isa = PBXFileReference; lastKnownFileType = folder.assetcatalog; path = "Preview Assets.xcassets"; sourceTree = "<group>"; };
		110DF1422B2DF862004AF273 /* PokemonTests.xctest */ = {isa = PBXFileReference; explicitFileType = wrapper.cfbundle; includeInIndex = 0; path = PokemonTests.xctest; sourceTree = BUILT_PRODUCTS_DIR; };
		110DF15F2B2E067A004AF273 /* Images.xcassets */ = {isa = PBXFileReference; lastKnownFileType = folder.assetcatalog; path = Images.xcassets; sourceTree = "<group>"; };
		110DF1632B2E1B48004AF273 /* PokemonType.swift */ = {isa = PBXFileReference; lastKnownFileType = sourcecode.swift; path = PokemonType.swift; sourceTree = "<group>"; };
		110DF1652B2E1D8C004AF273 /* Pokemon.swift */ = {isa = PBXFileReference; lastKnownFileType = sourcecode.swift; path = Pokemon.swift; sourceTree = "<group>"; };
		110DF16C2B2E2034004AF273 /* PokemonCellView.swift */ = {isa = PBXFileReference; lastKnownFileType = sourcecode.swift; path = PokemonCellView.swift; sourceTree = "<group>"; };
		110DF16E2B2E5E99004AF273 /* PokemonMainView.swift */ = {isa = PBXFileReference; lastKnownFileType = sourcecode.swift; path = PokemonMainView.swift; sourceTree = "<group>"; };
		110DF1712B2F4C5E004AF273 /* APIClient.swift */ = {isa = PBXFileReference; lastKnownFileType = sourcecode.swift; path = APIClient.swift; sourceTree = "<group>"; };
		110DF1732B2F4ED5004AF273 /* APIError.swift */ = {isa = PBXFileReference; lastKnownFileType = sourcecode.swift; path = APIError.swift; sourceTree = "<group>"; };
		110DF1762B2F50CF004AF273 /* PokemonUseCase.swift */ = {isa = PBXFileReference; lastKnownFileType = sourcecode.swift; path = PokemonUseCase.swift; sourceTree = "<group>"; };
		110DF17C2B2F5387004AF273 /* PokemonDTO.swift */ = {isa = PBXFileReference; lastKnownFileType = sourcecode.swift; path = PokemonDTO.swift; sourceTree = "<group>"; };
		110DF17F2B2F5DC1004AF273 /* PokemonViewModel.swift */ = {isa = PBXFileReference; lastKnownFileType = sourcecode.swift; path = PokemonViewModel.swift; sourceTree = "<group>"; };
		110DF1812B2F6695004AF273 /* PokemonUseCaseError.swift */ = {isa = PBXFileReference; lastKnownFileType = sourcecode.swift; path = PokemonUseCaseError.swift; sourceTree = "<group>"; };
		110DF1832B2F6AD6004AF273 /* PokemonDataDTO.swift */ = {isa = PBXFileReference; lastKnownFileType = sourcecode.swift; path = PokemonDataDTO.swift; sourceTree = "<group>"; };
		11FA32CB2B30028A00ABB428 /* UIState.swift */ = {isa = PBXFileReference; lastKnownFileType = sourcecode.swift; path = UIState.swift; sourceTree = "<group>"; };
		11FA32CD2B300F7300ABB428 /* PokemonUseCaseTests.swift */ = {isa = PBXFileReference; lastKnownFileType = sourcecode.swift; path = PokemonUseCaseTests.swift; sourceTree = "<group>"; };
		11FA32D22B30101900ABB428 /* MockAPIClient.swift */ = {isa = PBXFileReference; lastKnownFileType = sourcecode.swift; path = MockAPIClient.swift; sourceTree = "<group>"; };
		11FA32D52B30150C00ABB428 /* MockPokemon.swift */ = {isa = PBXFileReference; lastKnownFileType = sourcecode.swift; path = MockPokemon.swift; sourceTree = "<group>"; };
		11FC89DB2B3098330033A0B1 /* PokemonDetailView.swift */ = {isa = PBXFileReference; lastKnownFileType = sourcecode.swift; path = PokemonDetailView.swift; sourceTree = "<group>"; };
		171711D10EC9E7C87ECA9CB7 /* Pods_Pokemon.framework */ = {isa = PBXFileReference; explicitFileType = wrapper.framework; includeInIndex = 0; path = Pods_Pokemon.framework; sourceTree = BUILT_PRODUCTS_DIR; };
		616D0CDB022B8125EE4E1C8D /* Pods-Pokemon.debug.xcconfig */ = {isa = PBXFileReference; includeInIndex = 1; lastKnownFileType = text.xcconfig; name = "Pods-Pokemon.debug.xcconfig"; path = "Target Support Files/Pods-Pokemon/Pods-Pokemon.debug.xcconfig"; sourceTree = "<group>"; };
		93CA32C5D56DC7BC36A78E75 /* Pods-Pokemon-PokemonUITests.debug.xcconfig */ = {isa = PBXFileReference; includeInIndex = 1; lastKnownFileType = text.xcconfig; name = "Pods-Pokemon-PokemonUITests.debug.xcconfig"; path = "Target Support Files/Pods-Pokemon-PokemonUITests/Pods-Pokemon-PokemonUITests.debug.xcconfig"; sourceTree = "<group>"; };
		B236FAD50D159C5E6E5EC870 /* Pods_PokemonTests.framework */ = {isa = PBXFileReference; explicitFileType = wrapper.framework; includeInIndex = 0; path = Pods_PokemonTests.framework; sourceTree = BUILT_PRODUCTS_DIR; };
		B6C0F359116566A980D63DC0 /* Pods-Pokemon-PokemonUITests.release.xcconfig */ = {isa = PBXFileReference; includeInIndex = 1; lastKnownFileType = text.xcconfig; name = "Pods-Pokemon-PokemonUITests.release.xcconfig"; path = "Target Support Files/Pods-Pokemon-PokemonUITests/Pods-Pokemon-PokemonUITests.release.xcconfig"; sourceTree = "<group>"; };
		D5DD7CC963BCFBD9E03D09EF /* Pods_Pokemon_PokemonUITests.framework */ = {isa = PBXFileReference; explicitFileType = wrapper.framework; includeInIndex = 0; path = Pods_Pokemon_PokemonUITests.framework; sourceTree = BUILT_PRODUCTS_DIR; };
		DC208A332AB26A7A2B0DDABE /* Pods-Pokemon.release.xcconfig */ = {isa = PBXFileReference; includeInIndex = 1; lastKnownFileType = text.xcconfig; name = "Pods-Pokemon.release.xcconfig"; path = "Target Support Files/Pods-Pokemon/Pods-Pokemon.release.xcconfig"; sourceTree = "<group>"; };
		E4D06B36850CD705715F4657 /* Pods-PokemonTests.debug.xcconfig */ = {isa = PBXFileReference; includeInIndex = 1; lastKnownFileType = text.xcconfig; name = "Pods-PokemonTests.debug.xcconfig"; path = "Target Support Files/Pods-PokemonTests/Pods-PokemonTests.debug.xcconfig"; sourceTree = "<group>"; };
/* End PBXFileReference section */

/* Begin PBXFrameworksBuildPhase section */
		110DF12D2B2DF85D004AF273 /* Frameworks */ = {
			isa = PBXFrameworksBuildPhase;
			buildActionMask = 2147483647;
			files = (
				021BEDEBBF9908443C87DC33 /* Pods_Pokemon.framework in Frameworks */,
			);
			runOnlyForDeploymentPostprocessing = 0;
		};
		110DF13F2B2DF862004AF273 /* Frameworks */ = {
			isa = PBXFrameworksBuildPhase;
			buildActionMask = 2147483647;
			files = (
				B883D6EE83C7BFD0209A7638 /* Pods_PokemonTests.framework in Frameworks */,
			);
			runOnlyForDeploymentPostprocessing = 0;
		};
/* End PBXFrameworksBuildPhase section */

/* Begin PBXGroup section */
		110DF1272B2DF85C004AF273 = {
			isa = PBXGroup;
			children = (
				110DF1322B2DF85D004AF273 /* Pokemon */,
				110DF1452B2DF862004AF273 /* PokemonTests */,
				110DF1312B2DF85D004AF273 /* Products */,
				D902202331DFEEFDF90003F1 /* Pods */,
				39E5F9743E98E3C779BB2C02 /* Frameworks */,
			);
			sourceTree = "<group>";
		};
		110DF1312B2DF85D004AF273 /* Products */ = {
			isa = PBXGroup;
			children = (
				110DF1302B2DF85D004AF273 /* Pokemon.app */,
				110DF1422B2DF862004AF273 /* PokemonTests.xctest */,
			);
			name = Products;
			sourceTree = "<group>";
		};
		110DF1322B2DF85D004AF273 /* Pokemon */ = {
			isa = PBXGroup;
			children = (
				110DF1612B2E0683004AF273 /* Assets */,
				110DF1332B2DF85D004AF273 /* PokemonApp.swift */,
				110DF1692B2E1F4B004AF273 /* Views */,
				110DF17E2B2F5DA5004AF273 /* PokemonViewModel */,
				110DF1752B2F509C004AF273 /* PokemonUseCase */,
				110DF1622B2E1AFB004AF273 /* Models */,
				110DF1702B2F4C2A004AF273 /* APIClient */,
				110DF13B2B2DF861004AF273 /* Preview Content */,
			);
			path = Pokemon;
			sourceTree = "<group>";
		};
		110DF13B2B2DF861004AF273 /* Preview Content */ = {
			isa = PBXGroup;
			children = (
				110DF13C2B2DF861004AF273 /* Preview Assets.xcassets */,
			);
			path = "Preview Content";
			sourceTree = "<group>";
		};
		110DF1452B2DF862004AF273 /* PokemonTests */ = {
			isa = PBXGroup;
			children = (
				11FA32CF2B300FC100ABB428 /* MockData */,
				11FA32D42B3013D400ABB428 /* PokemonUseCaseTests */,
			);
			path = PokemonTests;
			sourceTree = "<group>";
		};
		110DF1612B2E0683004AF273 /* Assets */ = {
			isa = PBXGroup;
			children = (
				110DF1392B2DF861004AF273 /* Colors.xcassets */,
				110DF15F2B2E067A004AF273 /* Images.xcassets */,
			);
			path = Assets;
			sourceTree = "<group>";
		};
		110DF1622B2E1AFB004AF273 /* Models */ = {
			isa = PBXGroup;
			children = (
				110DF1652B2E1D8C004AF273 /* Pokemon.swift */,
				110DF1632B2E1B48004AF273 /* PokemonType.swift */,
			);
			path = Models;
			sourceTree = "<group>";
		};
		110DF1692B2E1F4B004AF273 /* Views */ = {
			isa = PBXGroup;
			children = (
				110DF16E2B2E5E99004AF273 /* PokemonMainView.swift */,
				110DF16C2B2E2034004AF273 /* PokemonCellView.swift */,
				11FC89DB2B3098330033A0B1 /* PokemonDetailView.swift */,
			);
			path = Views;
			sourceTree = "<group>";
		};
		110DF1702B2F4C2A004AF273 /* APIClient */ = {
			isa = PBXGroup;
			children = (
				110DF1712B2F4C5E004AF273 /* APIClient.swift */,
				110DF1732B2F4ED5004AF273 /* APIError.swift */,
			);
			path = APIClient;
			sourceTree = "<group>";
		};
		110DF1752B2F509C004AF273 /* PokemonUseCase */ = {
			isa = PBXGroup;
			children = (
				110DF1762B2F50CF004AF273 /* PokemonUseCase.swift */,
				110DF17B2B2F534D004AF273 /* Models */,
			);
			path = PokemonUseCase;
			sourceTree = "<group>";
		};
		110DF17B2B2F534D004AF273 /* Models */ = {
			isa = PBXGroup;
			children = (
				110DF17C2B2F5387004AF273 /* PokemonDTO.swift */,
				110DF1832B2F6AD6004AF273 /* PokemonDataDTO.swift */,
				110DF1812B2F6695004AF273 /* PokemonUseCaseError.swift */,
			);
			path = Models;
			sourceTree = "<group>";
		};
		110DF17E2B2F5DA5004AF273 /* PokemonViewModel */ = {
			isa = PBXGroup;
			children = (
				110DF17F2B2F5DC1004AF273 /* PokemonViewModel.swift */,
				11FA32CB2B30028A00ABB428 /* UIState.swift */,
			);
			path = PokemonViewModel;
			sourceTree = "<group>";
		};
		11FA32CF2B300FC100ABB428 /* MockData */ = {
			isa = PBXGroup;
			children = (
				11FA32D12B300FFA00ABB428 /* MockAPIClient */,
				11FA32D52B30150C00ABB428 /* MockPokemon.swift */,
			);
			path = MockData;
			sourceTree = "<group>";
		};
		11FA32D12B300FFA00ABB428 /* MockAPIClient */ = {
			isa = PBXGroup;
			children = (
				11FA32D22B30101900ABB428 /* MockAPIClient.swift */,
			);
			path = MockAPIClient;
			sourceTree = "<group>";
		};
		11FA32D42B3013D400ABB428 /* PokemonUseCaseTests */ = {
			isa = PBXGroup;
			children = (
				11FA32CD2B300F7300ABB428 /* PokemonUseCaseTests.swift */,
			);
			path = PokemonUseCaseTests;
			sourceTree = "<group>";
		};
		39E5F9743E98E3C779BB2C02 /* Frameworks */ = {
			isa = PBXGroup;
			children = (
				171711D10EC9E7C87ECA9CB7 /* Pods_Pokemon.framework */,
				D5DD7CC963BCFBD9E03D09EF /* Pods_Pokemon_PokemonUITests.framework */,
				B236FAD50D159C5E6E5EC870 /* Pods_PokemonTests.framework */,
			);
			name = Frameworks;
			sourceTree = "<group>";
		};
		D902202331DFEEFDF90003F1 /* Pods */ = {
			isa = PBXGroup;
			children = (
				616D0CDB022B8125EE4E1C8D /* Pods-Pokemon.debug.xcconfig */,
				DC208A332AB26A7A2B0DDABE /* Pods-Pokemon.release.xcconfig */,
				93CA32C5D56DC7BC36A78E75 /* Pods-Pokemon-PokemonUITests.debug.xcconfig */,
				B6C0F359116566A980D63DC0 /* Pods-Pokemon-PokemonUITests.release.xcconfig */,
				E4D06B36850CD705715F4657 /* Pods-PokemonTests.debug.xcconfig */,
				05EACF5473F65AACEA52C6AB /* Pods-PokemonTests.release.xcconfig */,
			);
			path = Pods;
			sourceTree = "<group>";
		};
/* End PBXGroup section */

/* Begin PBXNativeTarget section */
		110DF12F2B2DF85D004AF273 /* Pokemon */ = {
			isa = PBXNativeTarget;
			buildConfigurationList = 110DF1562B2DF862004AF273 /* Build configuration list for PBXNativeTarget "Pokemon" */;
			buildPhases = (
				88CDE8F39DF834E3AEDA7737 /* [CP] Check Pods Manifest.lock */,
				110DF12C2B2DF85D004AF273 /* Sources */,
				110DF12D2B2DF85D004AF273 /* Frameworks */,
				110DF12E2B2DF85D004AF273 /* Resources */,
				8725F5505B2CD4707AAE3FDB /* [CP] Embed Pods Frameworks */,
			);
			buildRules = (
			);
			dependencies = (
			);
			name = Pokemon;
			productName = Pokemon;
			productReference = 110DF1302B2DF85D004AF273 /* Pokemon.app */;
			productType = "com.apple.product-type.application";
		};
		110DF1412B2DF862004AF273 /* PokemonTests */ = {
			isa = PBXNativeTarget;
			buildConfigurationList = 110DF1592B2DF862004AF273 /* Build configuration list for PBXNativeTarget "PokemonTests" */;
			buildPhases = (
				3791937D550C1353BCD23292 /* [CP] Check Pods Manifest.lock */,
				110DF13E2B2DF862004AF273 /* Sources */,
				110DF13F2B2DF862004AF273 /* Frameworks */,
				110DF1402B2DF862004AF273 /* Resources */,
			);
			buildRules = (
			);
			dependencies = (
				110DF1442B2DF862004AF273 /* PBXTargetDependency */,
			);
			name = PokemonTests;
			productName = PokemonTests;
			productReference = 110DF1422B2DF862004AF273 /* PokemonTests.xctest */;
			productType = "com.apple.product-type.bundle.unit-test";
		};
/* End PBXNativeTarget section */

/* Begin PBXProject section */
		110DF1282B2DF85C004AF273 /* Project object */ = {
			isa = PBXProject;
			attributes = {
				BuildIndependentTargetsInParallel = 1;
				LastSwiftUpdateCheck = 1510;
				LastUpgradeCheck = 1510;
				TargetAttributes = {
					110DF12F2B2DF85D004AF273 = {
						CreatedOnToolsVersion = 15.1;
					};
					110DF1412B2DF862004AF273 = {
						CreatedOnToolsVersion = 15.1;
						LastSwiftMigration = 1510;
						TestTargetID = 110DF12F2B2DF85D004AF273;
					};
				};
			};
			buildConfigurationList = 110DF12B2B2DF85C004AF273 /* Build configuration list for PBXProject "Pokemon" */;
			compatibilityVersion = "Xcode 14.0";
			developmentRegion = en;
			hasScannedForEncodings = 0;
			knownRegions = (
				en,
				Base,
			);
			mainGroup = 110DF1272B2DF85C004AF273;
			productRefGroup = 110DF1312B2DF85D004AF273 /* Products */;
			projectDirPath = "";
			projectRoot = "";
			targets = (
				110DF12F2B2DF85D004AF273 /* Pokemon */,
				110DF1412B2DF862004AF273 /* PokemonTests */,
			);
		};
/* End PBXProject section */

/* Begin PBXResourcesBuildPhase section */
		110DF12E2B2DF85D004AF273 /* Resources */ = {
			isa = PBXResourcesBuildPhase;
			buildActionMask = 2147483647;
			files = (
				110DF1602B2E067A004AF273 /* Images.xcassets in Resources */,
				110DF13D2B2DF861004AF273 /* Preview Assets.xcassets in Resources */,
				110DF13A2B2DF861004AF273 /* Colors.xcassets in Resources */,
			);
			runOnlyForDeploymentPostprocessing = 0;
		};
		110DF1402B2DF862004AF273 /* Resources */ = {
			isa = PBXResourcesBuildPhase;
			buildActionMask = 2147483647;
			files = (
			);
			runOnlyForDeploymentPostprocessing = 0;
		};
/* End PBXResourcesBuildPhase section */

/* Begin PBXShellScriptBuildPhase section */
		3791937D550C1353BCD23292 /* [CP] Check Pods Manifest.lock */ = {
			isa = PBXShellScriptBuildPhase;
			buildActionMask = 2147483647;
			files = (
			);
			inputFileListPaths = (
			);
			inputPaths = (
				"${PODS_PODFILE_DIR_PATH}/Podfile.lock",
				"${PODS_ROOT}/Manifest.lock",
			);
			name = "[CP] Check Pods Manifest.lock";
			outputFileListPaths = (
			);
			outputPaths = (
				"$(DERIVED_FILE_DIR)/Pods-PokemonTests-checkManifestLockResult.txt",
			);
			runOnlyForDeploymentPostprocessing = 0;
			shellPath = /bin/sh;
			shellScript = "diff \"${PODS_PODFILE_DIR_PATH}/Podfile.lock\" \"${PODS_ROOT}/Manifest.lock\" > /dev/null\nif [ $? != 0 ] ; then\n    # print error to STDERR\n    echo \"error: The sandbox is not in sync with the Podfile.lock. Run 'pod install' or update your CocoaPods installation.\" >&2\n    exit 1\nfi\n# This output is used by Xcode 'outputs' to avoid re-running this script phase.\necho \"SUCCESS\" > \"${SCRIPT_OUTPUT_FILE_0}\"\n";
			showEnvVarsInLog = 0;
		};
		8725F5505B2CD4707AAE3FDB /* [CP] Embed Pods Frameworks */ = {
			isa = PBXShellScriptBuildPhase;
			buildActionMask = 2147483647;
			files = (
			);
			inputFileListPaths = (
				"${PODS_ROOT}/Target Support Files/Pods-Pokemon/Pods-Pokemon-frameworks-${CONFIGURATION}-input-files.xcfilelist",
			);
			name = "[CP] Embed Pods Frameworks";
			outputFileListPaths = (
				"${PODS_ROOT}/Target Support Files/Pods-Pokemon/Pods-Pokemon-frameworks-${CONFIGURATION}-output-files.xcfilelist",
			);
			runOnlyForDeploymentPostprocessing = 0;
			shellPath = /bin/sh;
			shellScript = "\"${PODS_ROOT}/Target Support Files/Pods-Pokemon/Pods-Pokemon-frameworks.sh\"\n";
			showEnvVarsInLog = 0;
		};
		88CDE8F39DF834E3AEDA7737 /* [CP] Check Pods Manifest.lock */ = {
			isa = PBXShellScriptBuildPhase;
			buildActionMask = 2147483647;
			files = (
			);
			inputFileListPaths = (
			);
			inputPaths = (
				"${PODS_PODFILE_DIR_PATH}/Podfile.lock",
				"${PODS_ROOT}/Manifest.lock",
			);
			name = "[CP] Check Pods Manifest.lock";
			outputFileListPaths = (
			);
			outputPaths = (
				"$(DERIVED_FILE_DIR)/Pods-Pokemon-checkManifestLockResult.txt",
			);
			runOnlyForDeploymentPostprocessing = 0;
			shellPath = /bin/sh;
			shellScript = "diff \"${PODS_PODFILE_DIR_PATH}/Podfile.lock\" \"${PODS_ROOT}/Manifest.lock\" > /dev/null\nif [ $? != 0 ] ; then\n    # print error to STDERR\n    echo \"error: The sandbox is not in sync with the Podfile.lock. Run 'pod install' or update your CocoaPods installation.\" >&2\n    exit 1\nfi\n# This output is used by Xcode 'outputs' to avoid re-running this script phase.\necho \"SUCCESS\" > \"${SCRIPT_OUTPUT_FILE_0}\"\n";
			showEnvVarsInLog = 0;
		};
/* End PBXShellScriptBuildPhase section */

/* Begin PBXSourcesBuildPhase section */
		110DF12C2B2DF85D004AF273 /* Sources */ = {
			isa = PBXSourcesBuildPhase;
			buildActionMask = 2147483647;
			files = (
				110DF16D2B2E2034004AF273 /* PokemonCellView.swift in Sources */,
				110DF1842B2F6AD6004AF273 /* PokemonDataDTO.swift in Sources */,
				110DF1662B2E1D8C004AF273 /* Pokemon.swift in Sources */,
				110DF1802B2F5DC1004AF273 /* PokemonViewModel.swift in Sources */,
				11FA32CC2B30028A00ABB428 /* UIState.swift in Sources */,
				110DF1722B2F4C5E004AF273 /* APIClient.swift in Sources */,
				110DF17D2B2F5387004AF273 /* PokemonDTO.swift in Sources */,
				11FC89DC2B3098330033A0B1 /* PokemonDetailView.swift in Sources */,
				110DF1772B2F50CF004AF273 /* PokemonUseCase.swift in Sources */,
				110DF1342B2DF85D004AF273 /* PokemonApp.swift in Sources */,
				110DF16F2B2E5E99004AF273 /* PokemonMainView.swift in Sources */,
				110DF1642B2E1B48004AF273 /* PokemonType.swift in Sources */,
				110DF1822B2F6695004AF273 /* PokemonUseCaseError.swift in Sources */,
				110DF1742B2F4ED5004AF273 /* APIError.swift in Sources */,
			);
			runOnlyForDeploymentPostprocessing = 0;
		};
		110DF13E2B2DF862004AF273 /* Sources */ = {
			isa = PBXSourcesBuildPhase;
			buildActionMask = 2147483647;
			files = (
				11FA32D62B30150C00ABB428 /* MockPokemon.swift in Sources */,
				11FA32CE2B300F7300ABB428 /* PokemonUseCaseTests.swift in Sources */,
				11FA32D32B30101900ABB428 /* MockAPIClient.swift in Sources */,
			);
			runOnlyForDeploymentPostprocessing = 0;
		};
/* End PBXSourcesBuildPhase section */

/* Begin PBXTargetDependency section */
		110DF1442B2DF862004AF273 /* PBXTargetDependency */ = {
			isa = PBXTargetDependency;
			target = 110DF12F2B2DF85D004AF273 /* Pokemon */;
			targetProxy = 110DF1432B2DF862004AF273 /* PBXContainerItemProxy */;
		};
/* End PBXTargetDependency section */

/* Begin XCBuildConfiguration section */
		110DF1542B2DF862004AF273 /* Debug */ = {
			isa = XCBuildConfiguration;
			buildSettings = {
				ALWAYS_SEARCH_USER_PATHS = NO;
				ASSETCATALOG_COMPILER_GENERATE_SWIFT_ASSET_SYMBOL_EXTENSIONS = YES;
				CLANG_ANALYZER_NONNULL = YES;
				CLANG_ANALYZER_NUMBER_OBJECT_CONVERSION = YES_AGGRESSIVE;
				CLANG_CXX_LANGUAGE_STANDARD = "gnu++20";
				CLANG_ENABLE_MODULES = YES;
				CLANG_ENABLE_OBJC_ARC = YES;
				CLANG_ENABLE_OBJC_WEAK = YES;
				CLANG_WARN_BLOCK_CAPTURE_AUTORELEASING = YES;
				CLANG_WARN_BOOL_CONVERSION = YES;
				CLANG_WARN_COMMA = YES;
				CLANG_WARN_CONSTANT_CONVERSION = YES;
				CLANG_WARN_DEPRECATED_OBJC_IMPLEMENTATIONS = YES;
				CLANG_WARN_DIRECT_OBJC_ISA_USAGE = YES_ERROR;
				CLANG_WARN_DOCUMENTATION_COMMENTS = YES;
				CLANG_WARN_EMPTY_BODY = YES;
				CLANG_WARN_ENUM_CONVERSION = YES;
				CLANG_WARN_INFINITE_RECURSION = YES;
				CLANG_WARN_INT_CONVERSION = YES;
				CLANG_WARN_NON_LITERAL_NULL_CONVERSION = YES;
				CLANG_WARN_OBJC_IMPLICIT_RETAIN_SELF = YES;
				CLANG_WARN_OBJC_LITERAL_CONVERSION = YES;
				CLANG_WARN_OBJC_ROOT_CLASS = YES_ERROR;
				CLANG_WARN_QUOTED_INCLUDE_IN_FRAMEWORK_HEADER = YES;
				CLANG_WARN_RANGE_LOOP_ANALYSIS = YES;
				CLANG_WARN_STRICT_PROTOTYPES = YES;
				CLANG_WARN_SUSPICIOUS_MOVE = YES;
				CLANG_WARN_UNGUARDED_AVAILABILITY = YES_AGGRESSIVE;
				CLANG_WARN_UNREACHABLE_CODE = YES;
				CLANG_WARN__DUPLICATE_METHOD_MATCH = YES;
				COPY_PHASE_STRIP = NO;
				DEBUG_INFORMATION_FORMAT = dwarf;
				ENABLE_STRICT_OBJC_MSGSEND = YES;
				ENABLE_TESTABILITY = YES;
				ENABLE_USER_SCRIPT_SANDBOXING = YES;
				"EXCLUDED_ARCHS[sdk=*]" = arm64;
				GCC_C_LANGUAGE_STANDARD = gnu17;
				GCC_DYNAMIC_NO_PIC = NO;
				GCC_NO_COMMON_BLOCKS = YES;
				GCC_OPTIMIZATION_LEVEL = 0;
				GCC_PREPROCESSOR_DEFINITIONS = (
					"DEBUG=1",
					"$(inherited)",
				);
				GCC_WARN_64_TO_32_BIT_CONVERSION = YES;
				GCC_WARN_ABOUT_RETURN_TYPE = YES_ERROR;
				GCC_WARN_UNDECLARED_SELECTOR = YES;
				GCC_WARN_UNINITIALIZED_AUTOS = YES_AGGRESSIVE;
				GCC_WARN_UNUSED_FUNCTION = YES;
				GCC_WARN_UNUSED_VARIABLE = YES;
				IPHONEOS_DEPLOYMENT_TARGET = 17.0;
				LOCALIZATION_PREFERS_STRING_CATALOGS = YES;
				MTL_ENABLE_DEBUG_INFO = INCLUDE_SOURCE;
				MTL_FAST_MATH = YES;
				ONLY_ACTIVE_ARCH = YES;
				SDKROOT = iphoneos;
				SWIFT_ACTIVE_COMPILATION_CONDITIONS = "DEBUG $(inherited)";
				SWIFT_OPTIMIZATION_LEVEL = "-Onone";
			};
			name = Debug;
		};
		110DF1552B2DF862004AF273 /* Release */ = {
			isa = XCBuildConfiguration;
			buildSettings = {
				ALWAYS_SEARCH_USER_PATHS = NO;
				ASSETCATALOG_COMPILER_GENERATE_SWIFT_ASSET_SYMBOL_EXTENSIONS = YES;
				CLANG_ANALYZER_NONNULL = YES;
				CLANG_ANALYZER_NUMBER_OBJECT_CONVERSION = YES_AGGRESSIVE;
				CLANG_CXX_LANGUAGE_STANDARD = "gnu++20";
				CLANG_ENABLE_MODULES = YES;
				CLANG_ENABLE_OBJC_ARC = YES;
				CLANG_ENABLE_OBJC_WEAK = YES;
				CLANG_WARN_BLOCK_CAPTURE_AUTORELEASING = YES;
				CLANG_WARN_BOOL_CONVERSION = YES;
				CLANG_WARN_COMMA = YES;
				CLANG_WARN_CONSTANT_CONVERSION = YES;
				CLANG_WARN_DEPRECATED_OBJC_IMPLEMENTATIONS = YES;
				CLANG_WARN_DIRECT_OBJC_ISA_USAGE = YES_ERROR;
				CLANG_WARN_DOCUMENTATION_COMMENTS = YES;
				CLANG_WARN_EMPTY_BODY = YES;
				CLANG_WARN_ENUM_CONVERSION = YES;
				CLANG_WARN_INFINITE_RECURSION = YES;
				CLANG_WARN_INT_CONVERSION = YES;
				CLANG_WARN_NON_LITERAL_NULL_CONVERSION = YES;
				CLANG_WARN_OBJC_IMPLICIT_RETAIN_SELF = YES;
				CLANG_WARN_OBJC_LITERAL_CONVERSION = YES;
				CLANG_WARN_OBJC_ROOT_CLASS = YES_ERROR;
				CLANG_WARN_QUOTED_INCLUDE_IN_FRAMEWORK_HEADER = YES;
				CLANG_WARN_RANGE_LOOP_ANALYSIS = YES;
				CLANG_WARN_STRICT_PROTOTYPES = YES;
				CLANG_WARN_SUSPICIOUS_MOVE = YES;
				CLANG_WARN_UNGUARDED_AVAILABILITY = YES_AGGRESSIVE;
				CLANG_WARN_UNREACHABLE_CODE = YES;
				CLANG_WARN__DUPLICATE_METHOD_MATCH = YES;
				COPY_PHASE_STRIP = NO;
				DEBUG_INFORMATION_FORMAT = "dwarf-with-dsym";
				ENABLE_NS_ASSERTIONS = NO;
				ENABLE_STRICT_OBJC_MSGSEND = YES;
				ENABLE_USER_SCRIPT_SANDBOXING = YES;
				GCC_C_LANGUAGE_STANDARD = gnu17;
				GCC_NO_COMMON_BLOCKS = YES;
				GCC_WARN_64_TO_32_BIT_CONVERSION = YES;
				GCC_WARN_ABOUT_RETURN_TYPE = YES_ERROR;
				GCC_WARN_UNDECLARED_SELECTOR = YES;
				GCC_WARN_UNINITIALIZED_AUTOS = YES_AGGRESSIVE;
				GCC_WARN_UNUSED_FUNCTION = YES;
				GCC_WARN_UNUSED_VARIABLE = YES;
				IPHONEOS_DEPLOYMENT_TARGET = 17.0;
				LOCALIZATION_PREFERS_STRING_CATALOGS = YES;
				MTL_ENABLE_DEBUG_INFO = NO;
				MTL_FAST_MATH = YES;
				SDKROOT = iphoneos;
				SWIFT_COMPILATION_MODE = wholemodule;
				VALIDATE_PRODUCT = YES;
			};
			name = Release;
		};
		110DF1572B2DF862004AF273 /* Debug */ = {
			isa = XCBuildConfiguration;
			baseConfigurationReference = 616D0CDB022B8125EE4E1C8D /* Pods-Pokemon.debug.xcconfig */;
			buildSettings = {
				ASSETCATALOG_COMPILER_APPICON_NAME = AppIcon;
				ASSETCATALOG_COMPILER_GLOBAL_ACCENT_COLOR_NAME = AccentColor;
				CODE_SIGN_STYLE = Automatic;
				CURRENT_PROJECT_VERSION = 1;
				DEVELOPMENT_ASSET_PATHS = "\"Pokemon/Preview Content\"";
				DEVELOPMENT_TEAM = H4U3TZ893Y;
				ENABLE_PREVIEWS = YES;
				ENABLE_TESTING_SEARCH_PATHS = YES;
				ENABLE_USER_SCRIPT_SANDBOXING = NO;
				GENERATE_INFOPLIST_FILE = YES;
				INFOPLIST_KEY_LSApplicationCategoryType = "public.app-category.kids-games";
				INFOPLIST_KEY_UIApplicationSceneManifest_Generation = YES;
				INFOPLIST_KEY_UIApplicationSupportsIndirectInputEvents = YES;
				INFOPLIST_KEY_UILaunchScreen_Generation = YES;
				INFOPLIST_KEY_UISupportedInterfaceOrientations_iPad = "UIInterfaceOrientationPortrait UIInterfaceOrientationPortraitUpsideDown UIInterfaceOrientationLandscapeLeft UIInterfaceOrientationLandscapeRight";
				INFOPLIST_KEY_UISupportedInterfaceOrientations_iPhone = "UIInterfaceOrientationPortrait UIInterfaceOrientationLandscapeLeft UIInterfaceOrientationLandscapeRight";
				IPHONEOS_DEPLOYMENT_TARGET = 17.0;
				LD_RUNPATH_SEARCH_PATHS = (
					"$(inherited)",
					"@executable_path/Frameworks",
				);
				MARKETING_VERSION = 1.0;
				PRODUCT_BUNDLE_IDENTIFIER = dev.vsanchez.Pokemon;
				PRODUCT_NAME = "$(TARGET_NAME)";
				SWIFT_EMIT_LOC_STRINGS = YES;
				SWIFT_VERSION = 5.0;
				TARGETED_DEVICE_FAMILY = "1,2";
			};
			name = Debug;
		};
		110DF1582B2DF862004AF273 /* Release */ = {
			isa = XCBuildConfiguration;
			baseConfigurationReference = DC208A332AB26A7A2B0DDABE /* Pods-Pokemon.release.xcconfig */;
			buildSettings = {
				ASSETCATALOG_COMPILER_APPICON_NAME = AppIcon;
				ASSETCATALOG_COMPILER_GLOBAL_ACCENT_COLOR_NAME = AccentColor;
				CODE_SIGN_STYLE = Automatic;
				CURRENT_PROJECT_VERSION = 1;
				DEVELOPMENT_ASSET_PATHS = "\"Pokemon/Preview Content\"";
				DEVELOPMENT_TEAM = H4U3TZ893Y;
				ENABLE_PREVIEWS = YES;
				ENABLE_TESTING_SEARCH_PATHS = YES;
				ENABLE_USER_SCRIPT_SANDBOXING = NO;
				GENERATE_INFOPLIST_FILE = YES;
				INFOPLIST_KEY_LSApplicationCategoryType = "public.app-category.kids-games";
				INFOPLIST_KEY_UIApplicationSceneManifest_Generation = YES;
				INFOPLIST_KEY_UIApplicationSupportsIndirectInputEvents = YES;
				INFOPLIST_KEY_UILaunchScreen_Generation = YES;
				INFOPLIST_KEY_UISupportedInterfaceOrientations_iPad = "UIInterfaceOrientationPortrait UIInterfaceOrientationPortraitUpsideDown UIInterfaceOrientationLandscapeLeft UIInterfaceOrientationLandscapeRight";
				INFOPLIST_KEY_UISupportedInterfaceOrientations_iPhone = "UIInterfaceOrientationPortrait UIInterfaceOrientationLandscapeLeft UIInterfaceOrientationLandscapeRight";
				IPHONEOS_DEPLOYMENT_TARGET = 17.0;
				LD_RUNPATH_SEARCH_PATHS = (
					"$(inherited)",
					"@executable_path/Frameworks",
				);
				MARKETING_VERSION = 1.0;
				PRODUCT_BUNDLE_IDENTIFIER = dev.vsanchez.Pokemon;
				PRODUCT_NAME = "$(TARGET_NAME)";
				SWIFT_EMIT_LOC_STRINGS = YES;
				SWIFT_VERSION = 5.0;
				TARGETED_DEVICE_FAMILY = "1,2";
			};
			name = Release;
		};
		110DF15A2B2DF862004AF273 /* Debug */ = {
			isa = XCBuildConfiguration;
			baseConfigurationReference = E4D06B36850CD705715F4657 /* Pods-PokemonTests.debug.xcconfig */;
			buildSettings = {
				ALWAYS_EMBED_SWIFT_STANDARD_LIBRARIES = YES;
				BUNDLE_LOADER = "$(TEST_HOST)";
				CLANG_ENABLE_MODULES = YES;
				CODE_SIGN_STYLE = Automatic;
				CURRENT_PROJECT_VERSION = 1;
				DEVELOPMENT_TEAM = H4U3TZ893Y;
				GENERATE_INFOPLIST_FILE = YES;
				IPHONEOS_DEPLOYMENT_TARGET = 17.2;
				MARKETING_VERSION = 1.0;
				PRODUCT_BUNDLE_IDENTIFIER = dev.vsanchez.PokemonTests;
				PRODUCT_NAME = "$(TARGET_NAME)";
				SWIFT_EMIT_LOC_STRINGS = NO;
				SWIFT_OPTIMIZATION_LEVEL = "-Onone";
				SWIFT_VERSION = 5.0;
				TARGETED_DEVICE_FAMILY = "1,2";
				TEST_HOST = "$(BUILT_PRODUCTS_DIR)/Pokemon.app/$(BUNDLE_EXECUTABLE_FOLDER_PATH)/Pokemon";
			};
			name = Debug;
		};
		110DF15B2B2DF862004AF273 /* Release */ = {
			isa = XCBuildConfiguration;
			baseConfigurationReference = 05EACF5473F65AACEA52C6AB /* Pods-PokemonTests.release.xcconfig */;
			buildSettings = {
				ALWAYS_EMBED_SWIFT_STANDARD_LIBRARIES = YES;
				BUNDLE_LOADER = "$(TEST_HOST)";
				CLANG_ENABLE_MODULES = YES;
				CODE_SIGN_STYLE = Automatic;
				CURRENT_PROJECT_VERSION = 1;
				DEVELOPMENT_TEAM = H4U3TZ893Y;
				GENERATE_INFOPLIST_FILE = YES;
				IPHONEOS_DEPLOYMENT_TARGET = 17.2;
				MARKETING_VERSION = 1.0;
				PRODUCT_BUNDLE_IDENTIFIER = dev.vsanchez.PokemonTests;
				PRODUCT_NAME = "$(TARGET_NAME)";
				SWIFT_EMIT_LOC_STRINGS = NO;
				SWIFT_VERSION = 5.0;
				TARGETED_DEVICE_FAMILY = "1,2";
				TEST_HOST = "$(BUILT_PRODUCTS_DIR)/Pokemon.app/$(BUNDLE_EXECUTABLE_FOLDER_PATH)/Pokemon";
			};
			name = Release;
		};
/* End XCBuildConfiguration section */

/* Begin XCConfigurationList section */
		110DF12B2B2DF85C004AF273 /* Build configuration list for PBXProject "Pokemon" */ = {
			isa = XCConfigurationList;
			buildConfigurations = (
				110DF1542B2DF862004AF273 /* Debug */,
				110DF1552B2DF862004AF273 /* Release */,
			);
			defaultConfigurationIsVisible = 0;
			defaultConfigurationName = Release;
		};
		110DF1562B2DF862004AF273 /* Build configuration list for PBXNativeTarget "Pokemon" */ = {
			isa = XCConfigurationList;
			buildConfigurations = (
				110DF1572B2DF862004AF273 /* Debug */,
				110DF1582B2DF862004AF273 /* Release */,
			);
			defaultConfigurationIsVisible = 0;
			defaultConfigurationName = Release;
		};
		110DF1592B2DF862004AF273 /* Build configuration list for PBXNativeTarget "PokemonTests" */ = {
			isa = XCConfigurationList;
			buildConfigurations = (
				110DF15A2B2DF862004AF273 /* Debug */,
				110DF15B2B2DF862004AF273 /* Release */,
			);
			defaultConfigurationIsVisible = 0;
			defaultConfigurationName = Release;
		};
/* End XCConfigurationList section */
	};
	rootObject = 110DF1282B2DF85C004AF273 /* Project object */;
}
